
Microsoft Visual Studio Solution File, Format Version 12.00
# Visual Studio Version 16
VisualStudioVersion = 16.0.29806.167
MinimumVisualStudioVersion = 10.0.40219.1
Project("{8BC9CEB8-8B4A-11D0-8D11-00A0C91BC942}") = "TestOpenCV", "TestOpenCV\TestOpenCV.vcxproj", "{B3C48EF6-AA96-495B-BB31-B5AFE899E002}"
EndProject
Global
	GlobalSection(SolutionConfigurationPlatforms) = preSolution
		Debug|x64 = Debug|x64
		Release|x64 = Release|x64
	EndGlobalSection
	GlobalSection(ProjectConfigurationPlatforms) = postSolution
		{B3C48EF6-AA96-495B-BB31-B5AFE899E002}.Debug|x64.ActiveCfg = Debug|x64
		{B3C48EF6-AA96-495B-BB31-B5AFE899E002}.Debug|x64.Build.0 = Debug|x64
		{B3C48EF6-AA96-495B-BB31-B5AFE899E002}.Release|x64.ActiveCfg = Release|x64
		{B3C48EF6-AA96-495B-BB31-B5AFE899E002}.Release|x64.Build.0 = Release|x64
	EndGlobalSection
	GlobalSection(SolutionProperties) = preSolution
		HideSolutionNode = FALSE
	EndGlobalSection
	GlobalSection(ExtensibilityGlobals) = postSolution
		SolutionGuid = {CD881F40-5AA0-4836-BEC2-04E8D4E69E05}
	EndGlobalSection
EndGlobal
